// !$*UTF8*$!
{
	archiveVersion = 1;
	classes = {
	};
	objectVersion = 50;
	objects = {

/* Begin PBXBuildFile section */
		62FA90002356AA080088019A /* AppDelegate.swift in Sources */ = {isa = PBXBuildFile; fileRef = 62FA8FFF2356AA080088019A /* AppDelegate.swift */; };
		62FA90022356AA080088019A /* SceneDelegate.swift in Sources */ = {isa = PBXBuildFile; fileRef = 62FA90012356AA080088019A /* SceneDelegate.swift */; };
		62FA90042356AA080088019A /* ContentView.swift in Sources */ = {isa = PBXBuildFile; fileRef = 62FA90032356AA080088019A /* ContentView.swift */; };
		62FA90062356AA090088019A /* Assets.xcassets in Resources */ = {isa = PBXBuildFile; fileRef = 62FA90052356AA090088019A /* Assets.xcassets */; };
		62FA90092356AA090088019A /* Preview Assets.xcassets in Resources */ = {isa = PBXBuildFile; fileRef = 62FA90082356AA090088019A /* Preview Assets.xcassets */; };
		62FA900C2356AA090088019A /* LaunchScreen.storyboard in Resources */ = {isa = PBXBuildFile; fileRef = 62FA900A2356AA090088019A /* LaunchScreen.storyboard */; };
		62FA90172356AA090088019A /* DrawingPathsAndShapesTests.swift in Sources */ = {isa = PBXBuildFile; fileRef = 62FA90162356AA090088019A /* DrawingPathsAndShapesTests.swift */; };
		62FA90222356AA090088019A /* DrawingPathsAndShapesUITests.swift in Sources */ = {isa = PBXBuildFile; fileRef = 62FA90212356AA090088019A /* DrawingPathsAndShapesUITests.swift */; };
		62FA90302356AA220088019A /* Badge.swift in Sources */ = {isa = PBXBuildFile; fileRef = 62FA902F2356AA220088019A /* Badge.swift */; };
		62FA90322356AA570088019A /* HexagonParameters.swift in Sources */ = {isa = PBXBuildFile; fileRef = 62FA90312356AA570088019A /* HexagonParameters.swift */; };
/* End PBXBuildFile section */

/* Begin PBXContainerItemProxy section */
		62FA90132356AA090088019A /* PBXContainerItemProxy */ = {
			isa = PBXContainerItemProxy;
			containerPortal = 62FA8FF42356AA080088019A /* Project object */;
			proxyType = 1;
			remoteGlobalIDString = 62FA8FFB2356AA080088019A;
			remoteInfo = DrawingPathsAndShapes;
		};
		62FA901E2356AA090088019A /* PBXContainerItemProxy */ = {
			isa = PBXContainerItemProxy;
			containerPortal = 62FA8FF42356AA080088019A /* Project object */;
			proxyType = 1;
			remoteGlobalIDString = 62FA8FFB2356AA080088019A;
			remoteInfo = DrawingPathsAndShapes;
		};
/* End PBXContainerItemProxy section */

/* Begin PBXFileReference section */
		62FA8FFC2356AA080088019A /* DrawingPathsAndShapes.app */ = {isa = PBXFileReference; explicitFileType = wrapper.application; includeInIndex = 0; path = DrawingPathsAndShapes.app; sourceTree = BUILT_PRODUCTS_DIR; };
		62FA8FFF2356AA080088019A /* AppDelegate.swift */ = {isa = PBXFileReference; lastKnownFileType = sourcecode.swift; path = AppDelegate.swift; sourceTree = "<group>"; };
		62FA90012356AA080088019A /* SceneDelegate.swift */ = {isa = PBXFileReference; lastKnownFileType = sourcecode.swift; path = SceneDelegate.swift; sourceTree = "<group>"; };
		62FA90032356AA080088019A /* ContentView.swift */ = {isa = PBXFileReference; lastKnownFileType = sourcecode.swift; path = ContentView.swift; sourceTree = "<group>"; };
		62FA90052356AA090088019A /* Assets.xcassets */ = {isa = PBXFileReference; lastKnownFileType = folder.assetcatalog; path = Assets.xcassets; sourceTree = "<group>"; };
		62FA90082356AA090088019A /* Preview Assets.xcassets */ = {isa = PBXFileReference; lastKnownFileType = folder.assetcatalog; path = "Preview Assets.xcassets"; sourceTree = "<group>"; };
		62FA900B2356AA090088019A /* Base */ = {isa = PBXFileReference; lastKnownFileType = file.storyboard; name = Base; path = Base.lproj/LaunchScreen.storyboard; sourceTree = "<group>"; };
		62FA900D2356AA090088019A /* Info.plist */ = {isa = PBXFileReference; lastKnownFileType = text.plist.xml; path = Info.plist; sourceTree = "<group>"; };
		62FA90122356AA090088019A /* DrawingPathsAndShapesTests.xctest */ = {isa = PBXFileReference; explicitFileType = wrapper.cfbundle; includeInIndex = 0; path = DrawingPathsAndShapesTests.xctest; sourceTree = BUILT_PRODUCTS_DIR; };
		62FA90162356AA090088019A /* DrawingPathsAndShapesTests.swift */ = {isa = PBXFileReference; lastKnownFileType = sourcecode.swift; path = DrawingPathsAndShapesTests.swift; sourceTree = "<group>"; };
		62FA90182356AA090088019A /* Info.plist */ = {isa = PBXFileReference; lastKnownFileType = text.plist.xml; path = Info.plist; sourceTree = "<group>"; };
		62FA901D2356AA090088019A /* DrawingPathsAndShapesUITests.xctest */ = {isa = PBXFileReference; explicitFileType = wrapper.cfbundle; includeInIndex = 0; path = DrawingPathsAndShapesUITests.xctest; sourceTree = BUILT_PRODUCTS_DIR; };
		62FA90212356AA090088019A /* DrawingPathsAndShapesUITests.swift */ = {isa = PBXFileReference; lastKnownFileType = sourcecode.swift; path = DrawingPathsAndShapesUITests.swift; sourceTree = "<group>"; };
		62FA90232356AA090088019A /* Info.plist */ = {isa = PBXFileReference; lastKnownFileType = text.plist.xml; path = Info.plist; sourceTree = "<group>"; };
		62FA902F2356AA220088019A /* Badge.swift */ = {isa = PBXFileReference; lastKnownFileType = sourcecode.swift; path = Badge.swift; sourceTree = "<group>"; };
		62FA90312356AA570088019A /* HexagonParameters.swift */ = {isa = PBXFileReference; lastKnownFileType = sourcecode.swift; path = HexagonParameters.swift; sourceTree = "<group>"; };
/* End PBXFileReference section */

/* Begin PBXFrameworksBuildPhase section */
		62FA8FF92356AA080088019A /* Frameworks */ = {
			isa = PBXFrameworksBuildPhase;
			buildActionMask = 2147483647;
			files = (
			);
			runOnlyForDeploymentPostprocessing = 0;
		};
		62FA900F2356AA090088019A /* Frameworks */ = {
			isa = PBXFrameworksBuildPhase;
			buildActionMask = 2147483647;
			files = (
			);
			runOnlyForDeploymentPostprocessing = 0;
		};
		62FA901A2356AA090088019A /* Frameworks */ = {
			isa = PBXFrameworksBuildPhase;
			buildActionMask = 2147483647;
			files = (
			);
			runOnlyForDeploymentPostprocessing = 0;
		};
/* End PBXFrameworksBuildPhase section */

/* Begin PBXGroup section */
		62FA8FF32356AA080088019A = {
			isa = PBXGroup;
			children = (
				62FA8FFE2356AA080088019A /* DrawingPathsAndShapes */,
				62FA90152356AA090088019A /* DrawingPathsAndShapesTests */,
				62FA90202356AA090088019A /* DrawingPathsAndShapesUITests */,
				62FA8FFD2356AA080088019A /* Products */,
			);
			sourceTree = "<group>";
		};
		62FA8FFD2356AA080088019A /* Products */ = {
			isa = PBXGroup;
			children = (
				62FA8FFC2356AA080088019A /* DrawingPathsAndShapes.app */,
				62FA90122356AA090088019A /* DrawingPathsAndShapesTests.xctest */,
				62FA901D2356AA090088019A /* DrawingPathsAndShapesUITests.xctest */,
			);
			name = Products;
			sourceTree = "<group>";
		};
		62FA8FFE2356AA080088019A /* DrawingPathsAndShapes */ = {
			isa = PBXGroup;
			children = (
				62FA8FFF2356AA080088019A /* AppDelegate.swift */,
				62FA90012356AA080088019A /* SceneDelegate.swift */,
				62FA90032356AA080088019A /* ContentView.swift */,
				62FA902F2356AA220088019A /* Badge.swift */,
				62FA90312356AA570088019A /* HexagonParameters.swift */,
				62FA90052356AA090088019A /* Assets.xcassets */,
				62FA900A2356AA090088019A /* LaunchScreen.storyboard */,
				62FA900D2356AA090088019A /* Info.plist */,
				62FA90072356AA090088019A /* Preview Content */,
			);
			path = DrawingPathsAndShapes;
			sourceTree = "<group>";
		};
		62FA90072356AA090088019A /* Preview Content */ = {
			isa = PBXGroup;
			children = (
				62FA90082356AA090088019A /* Preview Assets.xcassets */,
			);
			path = "Preview Content";
			sourceTree = "<group>";
		};
		62FA90152356AA090088019A /* DrawingPathsAndShapesTests */ = {
			isa = PBXGroup;
			children = (
				62FA90162356AA090088019A /* DrawingPathsAndShapesTests.swift */,
				62FA90182356AA090088019A /* Info.plist */,
			);
			path = DrawingPathsAndShapesTests;
			sourceTree = "<group>";
		};
		62FA90202356AA090088019A /* DrawingPathsAndShapesUITests */ = {
			isa = PBXGroup;
			children = (
				62FA90212356AA090088019A /* DrawingPathsAndShapesUITests.swift */,
				62FA90232356AA090088019A /* Info.plist */,
			);
			path = DrawingPathsAndShapesUITests;
			sourceTree = "<group>";
		};
/* End PBXGroup section */

/* Begin PBXNativeTarget section */
		62FA8FFB2356AA080088019A /* DrawingPathsAndShapes */ = {
			isa = PBXNativeTarget;
			buildConfigurationList = 62FA90262356AA090088019A /* Build configuration list for PBXNativeTarget "DrawingPathsAndShapes" */;
			buildPhases = (
				62FA8FF82356AA080088019A /* Sources */,
				62FA8FF92356AA080088019A /* Frameworks */,
				62FA8FFA2356AA080088019A /* Resources */,
			);
			buildRules = (
			);
			dependencies = (
			);
			name = DrawingPathsAndShapes;
			productName = DrawingPathsAndShapes;
			productReference = 62FA8FFC2356AA080088019A /* DrawingPathsAndShapes.app */;
			productType = "com.apple.product-type.application";
		};
		62FA90112356AA090088019A /* DrawingPathsAndShapesTests */ = {
			isa = PBXNativeTarget;
			buildConfigurationList = 62FA90292356AA090088019A /* Build configuration list for PBXNativeTarget "DrawingPathsAndShapesTests" */;
			buildPhases = (
				62FA900E2356AA090088019A /* Sources */,
				62FA900F2356AA090088019A /* Frameworks */,
				62FA90102356AA090088019A /* Resources */,
			);
			buildRules = (
			);
			dependencies = (
				62FA90142356AA090088019A /* PBXTargetDependency */,
			);
			name = DrawingPathsAndShapesTests;
			productName = DrawingPathsAndShapesTests;
			productReference = 62FA90122356AA090088019A /* DrawingPathsAndShapesTests.xctest */;
			productType = "com.apple.product-type.bundle.unit-test";
		};
		62FA901C2356AA090088019A /* DrawingPathsAndShapesUITests */ = {
			isa = PBXNativeTarget;
			buildConfigurationList = 62FA902C2356AA090088019A /* Build configuration list for PBXNativeTarget "DrawingPathsAndShapesUITests" */;
			buildPhases = (
				62FA90192356AA090088019A /* Sources */,
				62FA901A2356AA090088019A /* Frameworks */,
				62FA901B2356AA090088019A /* Resources */,
			);
			buildRules = (
			);
			dependencies = (
				62FA901F2356AA090088019A /* PBXTargetDependency */,
			);
			name = DrawingPathsAndShapesUITests;
			productName = DrawingPathsAndShapesUITests;
			productReference = 62FA901D2356AA090088019A /* DrawingPathsAndShapesUITests.xctest */;
			productType = "com.apple.product-type.bundle.ui-testing";
		};
/* End PBXNativeTarget section */

/* Begin PBXProject section */
		62FA8FF42356AA080088019A /* Project object */ = {
			isa = PBXProject;
			attributes = {
				LastSwiftUpdateCheck = 1110;
				LastUpgradeCheck = 1110;
				ORGANIZATIONNAME = Elecoxy.com;
				TargetAttributes = {
					62FA8FFB2356AA080088019A = {
						CreatedOnToolsVersion = 11.1;
					};
					62FA90112356AA090088019A = {
						CreatedOnToolsVersion = 11.1;
						TestTargetID = 62FA8FFB2356AA080088019A;
					};
					62FA901C2356AA090088019A = {
						CreatedOnToolsVersion = 11.1;
						TestTargetID = 62FA8FFB2356AA080088019A;
					};
				};
			};
			buildConfigurationList = 62FA8FF72356AA080088019A /* Build configuration list for PBXProject "DrawingPathsAndShapes" */;
			compatibilityVersion = "Xcode 9.3";
			developmentRegion = en;
			hasScannedForEncodings = 0;
			knownRegions = (
				en,
				Base,
			);
			mainGroup = 62FA8FF32356AA080088019A;
			productRefGroup = 62FA8FFD2356AA080088019A /* Products */;
			projectDirPath = "";
			projectRoot = "";
			targets = (
				62FA8FFB2356AA080088019A /* DrawingPathsAndShapes */,
				62FA90112356AA090088019A /* DrawingPathsAndShapesTests */,
				62FA901C2356AA090088019A /* DrawingPathsAndShapesUITests */,
			);
		};
/* End PBXProject section */

/* Begin PBXResourcesBuildPhase section */
		62FA8FFA2356AA080088019A /* Resources */ = {
			isa = PBXResourcesBuildPhase;
			buildActionMask = 2147483647;
			files = (
				62FA900C2356AA090088019A /* LaunchScreen.storyboard in Resources */,
				62FA90092356AA090088019A /* Preview Assets.xcassets in Resources */,
				62FA90062356AA090088019A /* Assets.xcassets in Resources */,
			);
			runOnlyForDeploymentPostprocessing = 0;
		};
		62FA90102356AA090088019A /* Resources */ = {
			isa = PBXResourcesBuildPhase;
			buildActionMask = 2147483647;
			files = (
			);
			runOnlyForDeploymentPostprocessing = 0;
		};
		62FA901B2356AA090088019A /* Resources */ = {
			isa = PBXResourcesBuildPhase;
			buildActionMask = 2147483647;
			files = (
			);
			runOnlyForDeploymentPostprocessing = 0;
		};
/* End PBXResourcesBuildPhase section */

/* Begin PBXSourcesBuildPhase section */
		62FA8FF82356AA080088019A /* Sources */ = {
			isa = PBXSourcesBuildPhase;
			buildActionMask = 2147483647;
			files = (
				62FA90322356AA570088019A /* HexagonParameters.swift in Sources */,
				62FA90002356AA080088019A /* AppDelegate.swift in Sources */,
				62FA90302356AA220088019A /* Badge.swift in Sources */,
				62FA90022356AA080088019A /* SceneDelegate.swift in Sources */,
				62FA90042356AA080088019A /* ContentView.swift in Sources */,
			);
			runOnlyForDeploymentPostprocessing = 0;
		};
		62FA900E2356AA090088019A /* Sources */ = {
			isa = PBXSourcesBuildPhase;
			buildActionMask = 2147483647;
			files = (
				62FA90172356AA090088019A /* DrawingPathsAndShapesTests.swift in Sources */,
			);
			runOnlyForDeploymentPostprocessing = 0;
		};
		62FA90192356AA090088019A /* Sources */ = {
			isa = PBXSourcesBuildPhase;
			buildActionMask = 2147483647;
			files = (
				62FA90222356AA090088019A /* DrawingPathsAndShapesUITests.swift in Sources */,
			);
			runOnlyForDeploymentPostprocessing = 0;
		};
/* End PBXSourcesBuildPhase section */

/* Begin PBXTargetDependency section */
		62FA90142356AA090088019A /* PBXTargetDependency */ = {
			isa = PBXTargetDependency;
			target = 62FA8FFB2356AA080088019A /* DrawingPathsAndShapes */;
			targetProxy = 62FA90132356AA090088019A /* PBXContainerItemProxy */;
		};
		62FA901F2356AA090088019A /* PBXTargetDependency */ = {
			isa = PBXTargetDependency;
			target = 62FA8FFB2356AA080088019A /* DrawingPathsAndShapes */;
			targetProxy = 62FA901E2356AA090088019A /* PBXContainerItemProxy */;
		};
/* End PBXTargetDependency section */

/* Begin PBXVariantGroup section */
		62FA900A2356AA090088019A /* LaunchScreen.storyboard */ = {
			isa = PBXVariantGroup;
			children = (
				62FA900B2356AA090088019A /* Base */,
			);
			name = LaunchScreen.storyboard;
			sourceTree = "<group>";
		};
/* End PBXVariantGroup section */

/* Begin XCBuildConfiguration section */
		62FA90242356AA090088019A /* Debug */ = {
			isa = XCBuildConfiguration;
			buildSettings = {
				ALWAYS_SEARCH_USER_PATHS = NO;
				CLANG_ANALYZER_NONNULL = YES;
				CLANG_ANALYZER_NUMBER_OBJECT_CONVERSION = YES_AGGRESSIVE;
				CLANG_CXX_LANGUAGE_STANDARD = "gnu++14";
				CLANG_CXX_LIBRARY = "libc++";
				CLANG_ENABLE_MODULES = YES;
				CLANG_ENABLE_OBJC_ARC = YES;
				CLANG_ENABLE_OBJC_WEAK = YES;
				CLANG_WARN_BLOCK_CAPTURE_AUTORELEASING = YES;
				CLANG_WARN_BOOL_CONVERSION = YES;
				CLANG_WARN_COMMA = YES;
				CLANG_WARN_CONSTANT_CONVERSION = YES;
				CLANG_WARN_DEPRECATED_OBJC_IMPLEMENTATIONS = YES;
				CLANG_WARN_DIRECT_OBJC_ISA_USAGE = YES_ERROR;
				CLANG_WARN_DOCUMENTATION_COMMENTS = YES;
				CLANG_WARN_EMPTY_BODY = YES;
				CLANG_WARN_ENUM_CONVERSION = YES;
				CLANG_WARN_INFINITE_RECURSION = YES;
				CLANG_WARN_INT_CONVERSION = YES;
				CLANG_WARN_NON_LITERAL_NULL_CONVERSION = YES;
				CLANG_WARN_OBJC_IMPLICIT_RETAIN_SELF = YES;
				CLANG_WARN_OBJC_LITERAL_CONVERSION = YES;
				CLANG_WARN_OBJC_ROOT_CLASS = YES_ERROR;
				CLANG_WARN_RANGE_LOOP_ANALYSIS = YES;
				CLANG_WARN_STRICT_PROTOTYPES = YES;
				CLANG_WARN_SUSPICIOUS_MOVE = YES;
				CLANG_WARN_UNGUARDED_AVAILABILITY = YES_AGGRESSIVE;
				CLANG_WARN_UNREACHABLE_CODE = YES;
				CLANG_WARN__DUPLICATE_METHOD_MATCH = YES;
				COPY_PHASE_STRIP = NO;
				DEBUG_INFORMATION_FORMAT = dwarf;
				ENABLE_STRICT_OBJC_MSGSEND = YES;
				ENABLE_TESTABILITY = YES;
				GCC_C_LANGUAGE_STANDARD = gnu11;
				GCC_DYNAMIC_NO_PIC = NO;
				GCC_NO_COMMON_BLOCKS = YES;
				GCC_OPTIMIZATION_LEVEL = 0;
				GCC_PREPROCESSOR_DEFINITIONS = (
					"DEBUG=1",
					"$(inherited)",
				);
				GCC_WARN_64_TO_32_BIT_CONVERSION = YES;
				GCC_WARN_ABOUT_RETURN_TYPE = YES_ERROR;
				GCC_WARN_UNDECLARED_SELECTOR = YES;
				GCC_WARN_UNINITIALIZED_AUTOS = YES_AGGRESSIVE;
				GCC_WARN_UNUSED_FUNCTION = YES;
				GCC_WARN_UNUSED_VARIABLE = YES;
				IPHONEOS_DEPLOYMENT_TARGET = 13.1;
				MTL_ENABLE_DEBUG_INFO = INCLUDE_SOURCE;
				MTL_FAST_MATH = YES;
				ONLY_ACTIVE_ARCH = YES;
				SDKROOT = iphoneos;
				SWIFT_ACTIVE_COMPILATION_CONDITIONS = DEBUG;
				SWIFT_OPTIMIZATION_LEVEL = "-Onone";
			};
			name = Debug;
		};
		62FA90252356AA090088019A /* Release */ = {
			isa = XCBuildConfiguration;
			buildSettings = {
				ALWAYS_SEARCH_USER_PATHS = NO;
				CLANG_ANALYZER_NONNULL = YES;
				CLANG_ANALYZER_NUMBER_OBJECT_CONVERSION = YES_AGGRESSIVE;
				CLANG_CXX_LANGUAGE_STANDARD = "gnu++14";
				CLANG_CXX_LIBRARY = "libc++";
				CLANG_ENABLE_MODULES = YES;
				CLANG_ENABLE_OBJC_ARC = YES;
				CLANG_ENABLE_OBJC_WEAK = YES;
				CLANG_WARN_BLOCK_CAPTURE_AUTORELEASING = YES;
				CLANG_WARN_BOOL_CONVERSION = YES;
				CLANG_WARN_COMMA = YES;
				CLANG_WARN_CONSTANT_CONVERSION = YES;
				CLANG_WARN_DEPRECATED_OBJC_IMPLEMENTATIONS = YES;
				CLANG_WARN_DIRECT_OBJC_ISA_USAGE = YES_ERROR;
				CLANG_WARN_DOCUMENTATION_COMMENTS = YES;
				CLANG_WARN_EMPTY_BODY = YES;
				CLANG_WARN_ENUM_CONVERSION = YES;
				CLANG_WARN_INFINITE_RECURSION = YES;
				CLANG_WARN_INT_CONVERSION = YES;
				CLANG_WARN_NON_LITERAL_NULL_CONVERSION = YES;
				CLANG_WARN_OBJC_IMPLICIT_RETAIN_SELF = YES;
				CLANG_WARN_OBJC_LITERAL_CONVERSION = YES;
				CLANG_WARN_OBJC_ROOT_CLASS = YES_ERROR;
				CLANG_WARN_RANGE_LOOP_ANALYSIS = YES;
				CLANG_WARN_STRICT_PROTOTYPES = YES;
				CLANG_WARN_SUSPICIOUS_MOVE = YES;
				CLANG_WARN_UNGUARDED_AVAILABILITY = YES_AGGRESSIVE;
				CLANG_WARN_UNREACHABLE_CODE = YES;
				CLANG_WARN__DUPLICATE_METHOD_MATCH = YES;
				COPY_PHASE_STRIP = NO;
				DEBUG_INFORMATION_FORMAT = "dwarf-with-dsym";
				ENABLE_NS_ASSERTIONS = NO;
				ENABLE_STRICT_OBJC_MSGSEND = YES;
				GCC_C_LANGUAGE_STANDARD = gnu11;
				GCC_NO_COMMON_BLOCKS = YES;
				GCC_WARN_64_TO_32_BIT_CONVERSION = YES;
				GCC_WARN_ABOUT_RETURN_TYPE = YES_ERROR;
				GCC_WARN_UNDECLARED_SELECTOR = YES;
				GCC_WARN_UNINITIALIZED_AUTOS = YES_AGGRESSIVE;
				GCC_WARN_UNUSED_FUNCTION = YES;
				GCC_WARN_UNUSED_VARIABLE = YES;
				IPHONEOS_DEPLOYMENT_TARGET = 13.1;
				MTL_ENABLE_DEBUG_INFO = NO;
				MTL_FAST_MATH = YES;
				SDKROOT = iphoneos;
				SWIFT_COMPILATION_MODE = wholemodule;
				SWIFT_OPTIMIZATION_LEVEL = "-O";
				VALIDATE_PRODUCT = YES;
			};
			name = Release;
		};
		62FA90272356AA090088019A /* Debug */ = {
			isa = XCBuildConfiguration;
			buildSettings = {
				ASSETCATALOG_COMPILER_APPICON_NAME = AppIcon;
				CODE_SIGN_STYLE = Automatic;
				DEVELOPMENT_ASSET_PATHS = "\"DrawingPathsAndShapes/Preview Content\"";
				DEVELOPMENT_TEAM = UR6X4CRK5E;
				ENABLE_PREVIEWS = YES;
				INFOPLIST_FILE = DrawingPathsAndShapes/Info.plist;
				LD_RUNPATH_SEARCH_PATHS = (
					"$(inherited)",
					"@executable_path/Frameworks",
				);
				PRODUCT_BUNDLE_IDENTIFIER = "com.elecoxy.apple-samplecode..DrawingPathsAndShapes";
				PRODUCT_NAME = "$(TARGET_NAME)";
				SWIFT_VERSION = 5.0;
				TARGETED_DEVICE_FAMILY = "1,2";
			};
			name = Debug;
		};
		62FA90282356AA090088019A /* Release */ = {
			isa = XCBuildConfiguration;
			buildSettings = {
				ASSETCATALOG_COMPILER_APPICON_NAME = AppIcon;
				CODE_SIGN_STYLE = Automatic;
				DEVELOPMENT_ASSET_PATHS = "\"DrawingPathsAndShapes/Preview Content\"";
				DEVELOPMENT_TEAM = UR6X4CRK5E;
				ENABLE_PREVIEWS = YES;
				INFOPLIST_FILE = DrawingPathsAndShapes/Info.plist;
				LD_RUNPATH_SEARCH_PATHS = (
					"$(inherited)",
					"@executable_path/Frameworks",
				);
				PRODUCT_BUNDLE_IDENTIFIER = "com.elecoxy.apple-samplecode..DrawingPathsAndShapes";
				PRODUCT_NAME = "$(TARGET_NAME)";
				SWIFT_VERSION = 5.0;
				TARGETED_DEVICE_FAMILY = "1,2";
			};
			name = Release;
		};
		62FA902A2356AA090088019A /* Debug */ = {
			isa = XCBuildConfiguration;
			buildSettings = {
				ALWAYS_EMBED_SWIFT_STANDARD_LIBRARIES = YES;
				BUNDLE_LOADER = "$(TEST_HOST)";
				CODE_SIGN_STYLE = Automatic;
				DEVELOPMENT_TEAM = UR6X4CRK5E;
				INFOPLIST_FILE = DrawingPathsAndShapesTests/Info.plist;
				IPHONEOS_DEPLOYMENT_TARGET = 13.1;
				LD_RUNPATH_SEARCH_PATHS = (
					"$(inherited)",
					"@executable_path/Frameworks",
					"@loader_path/Frameworks",
				);
				PRODUCT_BUNDLE_IDENTIFIER = "com.elecoxy.apple-samplecode..DrawingPathsAndShapesTests";
				PRODUCT_NAME = "$(TARGET_NAME)";
				SWIFT_VERSION = 5.0;
				TARGETED_DEVICE_FAMILY = "1,2";
				TEST_HOST = "$(BUILT_PRODUCTS_DIR)/DrawingPathsAndShapes.app/DrawingPathsAndShapes";
			};
			name = Debug;
		};
		62FA902B2356AA090088019A /* Release */ = {
			isa = XCBuildConfiguration;
			buildSettings = {
				ALWAYS_EMBED_SWIFT_STANDARD_LIBRARIES = YES;
				BUNDLE_LOADER = "$(TEST_HOST)";
				CODE_SIGN_STYLE = Automatic;
				DEVELOPMENT_TEAM = UR6X4CRK5E;
				INFOPLIST_FILE = DrawingPathsAndShapesTests/Info.plist;
				IPHONEOS_DEPLOYMENT_TARGET = 13.1;
				LD_RUNPATH_SEARCH_PATHS = (
					"$(inherited)",
					"@executable_path/Frameworks",
					"@loader_path/Frameworks",
				);
				PRODUCT_BUNDLE_IDENTIFIER = "com.elecoxy.apple-samplecode..DrawingPathsAndShapesTests";
				PRODUCT_NAME = "$(TARGET_NAME)";
				SWIFT_VERSION = 5.0;
				TARGETED_DEVICE_FAMILY = "1,2";
				TEST_HOST = "$(BUILT_PRODUCTS_DIR)/DrawingPathsAndShapes.app/DrawingPathsAndShapes";
			};
			name = Release;
		};
		62FA902D2356AA090088019A /* Debug */ = {
			isa = XCBuildConfiguration;
			buildSettings = {
				ALWAYS_EMBED_SWIFT_STANDARD_LIBRARIES = YES;
				CODE_SIGN_STYLE = Automatic;
				DEVELOPMENT_TEAM = UR6X4CRK5E;
				INFOPLIST_FILE = DrawingPathsAndShapesUITests/Info.plist;
				LD_RUNPATH_SEARCH_PATHS = (
					"$(inherited)",
					"@executable_path/Frameworks",
					"@loader_path/Frameworks",
				);
				PRODUCT_BUNDLE_IDENTIFIER = "com.elecoxy.apple-samplecode..DrawingPathsAndShapesUITests";
				PRODUCT_NAME = "$(TARGET_NAME)";
				SWIFT_VERSION = 5.0;
				TARGETED_DEVICE_FAMILY = "1,2";
				TEST_TARGET_NAME = DrawingPathsAndShapes;
			};
			name = Debug;
		};
		62FA902E2356AA090088019A /* Release */ = {
			isa = XCBuildConfiguration;
			buildSettings = {
				ALWAYS_EMBED_SWIFT_STANDARD_LIBRARIES = YES;
				CODE_SIGN_STYLE = Automatic;
				DEVELOPMENT_TEAM = UR6X4CRK5E;
				INFOPLIST_FILE = DrawingPathsAndShapesUITests/Info.plist;
				LD_RUNPATH_SEARCH_PATHS = (
					"$(inherited)",
					"@executable_path/Frameworks",
					"@loader_path/Frameworks",
				);
				PRODUCT_BUNDLE_IDENTIFIER = "com.elecoxy.apple-samplecode..DrawingPathsAndShapesUITests";
				PRODUCT_NAME = "$(TARGET_NAME)";
				SWIFT_VERSION = 5.0;
				TARGETED_DEVICE_FAMILY = "1,2";
				TEST_TARGET_NAME = DrawingPathsAndShapes;
			};
			name = Release;
		};
/* End XCBuildConfiguration section */

/* Begin XCConfigurationList section */
		62FA8FF72356AA080088019A /* Build configuration list for PBXProject "DrawingPathsAndShapes" */ = {
			isa = XCConfigurationList;
			buildConfigurations = (
				62FA90242356AA090088019A /* Debug */,
				62FA90252356AA090088019A /* Release */,
			);
			defaultConfigurationIsVisible = 0;
			defaultConfigurationName = Release;
		};
		62FA90262356AA090088019A /* Build configuration list for PBXNativeTarget "DrawingPathsAndShapes" */ = {
			isa = XCConfigurationList;
			buildConfigurations = (
				62FA90272356AA090088019A /* Debug */,
				62FA90282356AA090088019A /* Release */,
			);
			defaultConfigurationIsVisible = 0;
			defaultConfigurationName = Release;
		};
		62FA90292356AA090088019A /* Build configuration list for PBXNativeTarget "DrawingPathsAndShapesTests" */ = {
			isa = XCConfigurationList;
			buildConfigurations = (
				62FA902A2356AA090088019A /* Debug */,
				62FA902B2356AA090088019A /* Release */,
			);
			defaultConfigurationIsVisible = 0;
			defaultConfigurationName = Release;
		};
		62FA902C2356AA090088019A /* Build configuration list for PBXNativeTarget "DrawingPathsAndShapesUITests" */ = {
			isa = XCConfigurationList;
			buildConfigurations = (
				62FA902D2356AA090088019A /* Debug */,
				62FA902E2356AA090088019A /* Release */,
			);
			defaultConfigurationIsVisible = 0;
			defaultConfigurationName = Release;
		};
/* End XCConfigurationList section */
	};
	rootObject = 62FA8FF42356AA080088019A /* Project object */;
}
